// !$*UTF8*$!
{
	archiveVersion = 1;
	classes = {
	};
	objectVersion = 56;
	objects = {

/* Begin PBXBuildFile section */
		B73FF2FC2D81D1C000BF24BF /* ahoui_iosApp.swift in Sources */ = {isa = PBXBuildFile; fileRef = B73FF2FB2D81D1C000BF24BF /* ahoui_iosApp.swift */; };
		B73FF2FE2D81D1C000BF24BF /* ContentView.swift in Sources */ = {isa = PBXBuildFile; fileRef = B73FF2FD2D81D1C000BF24BF /* ContentView.swift */; };
		B73FF3002D81D1C100BF24BF /* Assets.xcassets in Resources */ = {isa = PBXBuildFile; fileRef = B73FF2FF2D81D1C100BF24BF /* Assets.xcassets */; };
		B73FF3032D81D1C100BF24BF /* Preview Assets.xcassets in Resources */ = {isa = PBXBuildFile; fileRef = B73FF3022D81D1C100BF24BF /* Preview Assets.xcassets */; };
		B73FF30B2D81D1DC00BF24BF /* ManagerModel.swift in Sources */ = {isa = PBXBuildFile; fileRef = B73FF30A2D81D1DC00BF24BF /* ManagerModel.swift */; };
		B73FF3112D81D2B000BF24BF /* ManagerViewModel.swift in Sources */ = {isa = PBXBuildFile; fileRef = B73FF3102D81D2B000BF24BF /* ManagerViewModel.swift */; };
		B73FF3212D86ECE700BF24BF /* AuthViewModel.swift in Sources */ = {isa = PBXBuildFile; fileRef = B73FF3202D86ECE700BF24BF /* AuthViewModel.swift */; };
		B73FF3232D86ED1400BF24BF /* LoginView.swift in Sources */ = {isa = PBXBuildFile; fileRef = B73FF3222D86ED1400BF24BF /* LoginView.swift */; };
		B73FF3252D86EFD000BF24BF /* NavBarView.swift in Sources */ = {isa = PBXBuildFile; fileRef = B73FF3242D86EFD000BF24BF /* NavBarView.swift */; };
		B73FF3282D86F13D00BF24BF /* CustomTextField.swift in Sources */ = {isa = PBXBuildFile; fileRef = B73FF3272D86F13D00BF24BF /* CustomTextField.swift */; };
		B73FF3302D87423E00BF24BF /* HomeView.swift in Sources */ = {isa = PBXBuildFile; fileRef = B73FF32F2D87423E00BF24BF /* HomeView.swift */; };
		B73FF3332D8757BB00BF24BF /* SessionService.swift in Sources */ = {isa = PBXBuildFile; fileRef = B73FF3322D8757BB00BF24BF /* SessionService.swift */; };
		B73FF3352D8833C700BF24BF /* Seller.swift in Sources */ = {isa = PBXBuildFile; fileRef = B73FF3342D8833C700BF24BF /* Seller.swift */; };
		B73FF3372D8833ED00BF24BF /* SellerViewModel.swift in Sources */ = {isa = PBXBuildFile; fileRef = B73FF3362D8833ED00BF24BF /* SellerViewModel.swift */; };
		B73FF3392D88343700BF24BF /* SellerService.swift in Sources */ = {isa = PBXBuildFile; fileRef = B73FF3382D88343700BF24BF /* SellerService.swift */; };
		B73FF33C2D88346E00BF24BF /* SellerDetailView.swift in Sources */ = {isa = PBXBuildFile; fileRef = B73FF33B2D88346E00BF24BF /* SellerDetailView.swift */; };
		B73FF33E2D88348800BF24BF /* SellerListView.swift in Sources */ = {isa = PBXBuildFile; fileRef = B73FF33D2D88348800BF24BF /* SellerListView.swift */; };
		B73FF3402D8834A300BF24BF /* NewSellerView.swift in Sources */ = {isa = PBXBuildFile; fileRef = B73FF33F2D8834A300BF24BF /* NewSellerView.swift */; };
		B73FF3422D884B4900BF24BF /* Refund.swift in Sources */ = {isa = PBXBuildFile; fileRef = B73FF3412D884B4900BF24BF /* Refund.swift */; };
		B73FF3442D884CE000BF24BF /* RefundService.swift in Sources */ = {isa = PBXBuildFile; fileRef = B73FF3432D884CE000BF24BF /* RefundService.swift */; };
		B73FF3462D8854AC00BF24BF /* Session.swift in Sources */ = {isa = PBXBuildFile; fileRef = B73FF3452D8854AC00BF24BF /* Session.swift */; };
		B73FF3482D8858BC00BF24BF /* SessionViewModel.swift in Sources */ = {isa = PBXBuildFile; fileRef = B73FF3472D8858BC00BF24BF /* SessionViewModel.swift */; };
		B73FF36A2D89C5A800BF24BF /* DepositedGame.swift in Sources */ = {isa = PBXBuildFile; fileRef = B73FF3692D89C5A800BF24BF /* DepositedGame.swift */; };
		B73FF36C2D89C5F100BF24BF /* DepositedGameService.swift in Sources */ = {isa = PBXBuildFile; fileRef = B73FF36B2D89C5F100BF24BF /* DepositedGameService.swift */; };
		B73FF36E2D89C60D00BF24BF /* DepositedGameViewModel.swift in Sources */ = {isa = PBXBuildFile; fileRef = B73FF36D2D89C60D00BF24BF /* DepositedGameViewModel.swift */; };
		B73FF3712D89EEA900BF24BF /* DepositedGameSellerDetailView.swift in Sources */ = {isa = PBXBuildFile; fileRef = B73FF3702D89EEA900BF24BF /* DepositedGameSellerDetailView.swift */; };
		B73FF3742D89FD1500BF24BF /* Transaction.swift in Sources */ = {isa = PBXBuildFile; fileRef = B73FF3732D89FD1500BF24BF /* Transaction.swift */; };
		B73FF3762D89FDCA00BF24BF /* Client.swift in Sources */ = {isa = PBXBuildFile; fileRef = B73FF3752D89FDCA00BF24BF /* Client.swift */; };
		B73FF3782D89FDF200BF24BF /* TransactionService.swift in Sources */ = {isa = PBXBuildFile; fileRef = B73FF3772D89FDF200BF24BF /* TransactionService.swift */; };
		B73FF37A2D89FE1600BF24BF /* TransactionViewModel.swift in Sources */ = {isa = PBXBuildFile; fileRef = B73FF3792D89FE1600BF24BF /* TransactionViewModel.swift */; };
		B73FF37D2D89FE3D00BF24BF /* TransactionView.swift in Sources */ = {isa = PBXBuildFile; fileRef = B73FF37C2D89FE3D00BF24BF /* TransactionView.swift */; };
		B73FF3802D8A054300BF24BF /* RefundViewModel.swift in Sources */ = {isa = PBXBuildFile; fileRef = B73FF37F2D8A054300BF24BF /* RefundViewModel.swift */; };
		B73FF3822D8A05AC00BF24BF /* RefundView.swift in Sources */ = {isa = PBXBuildFile; fileRef = B73FF3812D8A05AC00BF24BF /* RefundView.swift */; };
		B73FF3842D8A0E7700BF24BF /* DepositedGameView.swift in Sources */ = {isa = PBXBuildFile; fileRef = B73FF3832D8A0E7700BF24BF /* DepositedGameView.swift */; };
		B73FF3862D8A1FB700BF24BF /* ClientService.swift in Sources */ = {isa = PBXBuildFile; fileRef = B73FF3852D8A1FB700BF24BF /* ClientService.swift */; };
		B73FF3882D8A1FCB00BF24BF /* ClientViewModel.swift in Sources */ = {isa = PBXBuildFile; fileRef = B73FF3872D8A1FCB00BF24BF /* ClientViewModel.swift */; };
		B73FF38B2D8A207700BF24BF /* ClientListView.swift in Sources */ = {isa = PBXBuildFile; fileRef = B73FF38A2D8A207700BF24BF /* ClientListView.swift */; };
		B73FF38F2D8A20C400BF24BF /* NewClientView.swift in Sources */ = {isa = PBXBuildFile; fileRef = B73FF38E2D8A20C400BF24BF /* NewClientView.swift */; };
		B73FF3A42D8B2BF100BF24BF /* CartView.swift in Sources */ = {isa = PBXBuildFile; fileRef = B73FF3A32D8B2BF100BF24BF /* CartView.swift */; };
		B73FF3A82D8B2C3D00BF24BF /* CartService.swift in Sources */ = {isa = PBXBuildFile; fileRef = B73FF3A72D8B2C3D00BF24BF /* CartService.swift */; };
		B73FF3AA2D8B2C9400BF24BF /* CartViewModel.swift in Sources */ = {isa = PBXBuildFile; fileRef = B73FF3A92D8B2C9400BF24BF /* CartViewModel.swift */; };
		B73FF3AC2D8B2CD200BF24BF /* CartItem.swift in Sources */ = {isa = PBXBuildFile; fileRef = B73FF3AB2D8B2CD200BF24BF /* CartItem.swift */; };
		B73FF3AE2D8B7FD200BF24BF /* NavigationViewModel.swift in Sources */ = {isa = PBXBuildFile; fileRef = B73FF3AD2D8B7FD200BF24BF /* NavigationViewModel.swift */; };
		B73FF3B02D8C13B500BF24BF /* ClientDetailView.swift in Sources */ = {isa = PBXBuildFile; fileRef = B73FF3AF2D8C13B500BF24BF /* ClientDetailView.swift */; };
		B73FF3B22D8C143B00BF24BF /* SharedComponents.swift in Sources */ = {isa = PBXBuildFile; fileRef = B73FF3B12D8C143B00BF24BF /* SharedComponents.swift */; };
		B73FF3B72D8C1EF600BF24BF /* ManagerListView.swift in Sources */ = {isa = PBXBuildFile; fileRef = B73FF3B62D8C1EF600BF24BF /* ManagerListView.swift */; };
		B73FF3B92D8C206300BF24BF /* ManagerService.swift in Sources */ = {isa = PBXBuildFile; fileRef = B73FF3B82D8C206300BF24BF /* ManagerService.swift */; };
		B73FF3BB2D8C21CB00BF24BF /* NewManagerView.swift in Sources */ = {isa = PBXBuildFile; fileRef = B73FF3BA2D8C21CB00BF24BF /* NewManagerView.swift */; };
		B73FF3BD2D8C21DD00BF24BF /* EditManagerView.swift in Sources */ = {isa = PBXBuildFile; fileRef = B73FF3BC2D8C21DD00BF24BF /* EditManagerView.swift */; };
		B73FF3BF2D8C26E300BF24BF /* TransactionListVIew.swift in Sources */ = {isa = PBXBuildFile; fileRef = B73FF3BE2D8C26E300BF24BF /* TransactionListVIew.swift */; };
		B73FF3C22D8C97BE00BF24BF /* CreateDepositedGameView.swift in Sources */ = {isa = PBXBuildFile; fileRef = B73FF3C12D8C97BE00BF24BF /* CreateDepositedGameView.swift */; };
		B73FF3C42D8C97E700BF24BF /* CreateDepositedGameViewModel.swift in Sources */ = {isa = PBXBuildFile; fileRef = B73FF3C32D8C97E700BF24BF /* CreateDepositedGameViewModel.swift */; };
		B73FF3C62D8CAAAB00BF24BF /* GameDescriptionViewModel.swift in Sources */ = {isa = PBXBuildFile; fileRef = B73FF3C52D8CAAAB00BF24BF /* GameDescriptionViewModel.swift */; };
		B73FF3C82D8CAB5100BF24BF /* GameDescription.swift in Sources */ = {isa = PBXBuildFile; fileRef = B73FF3C72D8CAB5100BF24BF /* GameDescription.swift */; };
		B73FF3CA2D8CAB6E00BF24BF /* GameDescriptionService.swift in Sources */ = {isa = PBXBuildFile; fileRef = B73FF3C92D8CAB6E00BF24BF /* GameDescriptionService.swift */; };
		B73FF3CE2D8CCA7D00BF24BF /* GameSelectionView.swift in Sources */ = {isa = PBXBuildFile; fileRef = B73FF3CD2D8CCA7D00BF24BF /* GameSelectionView.swift */; };
		B73FF3D02D8CCA9700BF24BF /* TotalFeesView.swift in Sources */ = {isa = PBXBuildFile; fileRef = B73FF3CF2D8CCA9700BF24BF /* TotalFeesView.swift */; };
		B73FF3D22D8CCAB500BF24BF /* SellerSelectionView.swift in Sources */ = {isa = PBXBuildFile; fileRef = B73FF3D12D8CCAB500BF24BF /* SellerSelectionView.swift */; };
		B73FF3D42D8CCCBA00BF24BF /* SessionInfoView.swift in Sources */ = {isa = PBXBuildFile; fileRef = B73FF3D32D8CCCBA00BF24BF /* SessionInfoView.swift */; };
		B73FF3D82D8D73D200BF24BF /* GameDeposited.swift in Sources */ = {isa = PBXBuildFile; fileRef = B73FF3D72D8D73D200BF24BF /* GameDeposited.swift */; };
		B73FF3DA2D8D761400BF24BF /* DepositFeePaymentService.swift in Sources */ = {isa = PBXBuildFile; fileRef = B73FF3D92D8D761400BF24BF /* DepositFeePaymentService.swift */; };
		B73FF3DC2D8D94C700BF24BF /* DepositFeePayment.swift in Sources */ = {isa = PBXBuildFile; fileRef = B73FF3DB2D8D94C700BF24BF /* DepositFeePayment.swift */; };
		B73FF3DF2D8D956000BF24BF /* TreasuryView.swift in Sources */ = {isa = PBXBuildFile; fileRef = B73FF3DE2D8D956000BF24BF /* TreasuryView.swift */; };
		B73FF3E12D8D957200BF24BF /* DepositFeePaymentCardTreasury.swift in Sources */ = {isa = PBXBuildFile; fileRef = B73FF3E02D8D957200BF24BF /* DepositFeePaymentCardTreasury.swift */; };
		B73FF3E32D8D958D00BF24BF /* FormatDate.swift in Sources */ = {isa = PBXBuildFile; fileRef = B73FF3E22D8D958D00BF24BF /* FormatDate.swift */; };
		B73FF3E52D8D95B500BF24BF /* RefundCardTreasury.swift in Sources */ = {isa = PBXBuildFile; fileRef = B73FF3E42D8D95B500BF24BF /* RefundCardTreasury.swift */; };
		B73FF3E72D8D95E100BF24BF /* TransactionCardTreasury.swift in Sources */ = {isa = PBXBuildFile; fileRef = B73FF3E62D8D95E100BF24BF /* TransactionCardTreasury.swift */; };
		B73FF3EA2D8D9D9700BF24BF /* SessionListView.swift in Sources */ = {isa = PBXBuildFile; fileRef = B73FF3E92D8D9D9700BF24BF /* SessionListView.swift */; };
		B73FF3EC2D8D9DA400BF24BF /* SessionCardView.swift in Sources */ = {isa = PBXBuildFile; fileRef = B73FF3EB2D8D9DA400BF24BF /* SessionCardView.swift */; };
		B73FF3EE2D8D9E1900BF24BF /* SessionListViewModel.swift in Sources */ = {isa = PBXBuildFile; fileRef = B73FF3ED2D8D9E1900BF24BF /* SessionListViewModel.swift */; };
		B73FF3F12D8DB00300BF24BF /* CreateGameDescriptionView.swift in Sources */ = {isa = PBXBuildFile; fileRef = B73FF3F02D8DB00300BF24BF /* CreateGameDescriptionView.swift */; };
/* End PBXBuildFile section */

/* Begin PBXFileReference section */
		B73FF2F82D81D1C000BF24BF /* ahoui-ios.app */ = {isa = PBXFileReference; explicitFileType = wrapper.application; includeInIndex = 0; path = "ahoui-ios.app"; sourceTree = BUILT_PRODUCTS_DIR; };
		B73FF2FB2D81D1C000BF24BF /* ahoui_iosApp.swift */ = {isa = PBXFileReference; lastKnownFileType = sourcecode.swift; path = ahoui_iosApp.swift; sourceTree = "<group>"; };
		B73FF2FD2D81D1C000BF24BF /* ContentView.swift */ = {isa = PBXFileReference; lastKnownFileType = sourcecode.swift; path = ContentView.swift; sourceTree = "<group>"; };
		B73FF2FF2D81D1C100BF24BF /* Assets.xcassets */ = {isa = PBXFileReference; lastKnownFileType = folder.assetcatalog; path = Assets.xcassets; sourceTree = "<group>"; };
		B73FF3022D81D1C100BF24BF /* Preview Assets.xcassets */ = {isa = PBXFileReference; lastKnownFileType = folder.assetcatalog; path = "Preview Assets.xcassets"; sourceTree = "<group>"; };
		B73FF30A2D81D1DC00BF24BF /* ManagerModel.swift */ = {isa = PBXFileReference; lastKnownFileType = sourcecode.swift; path = ManagerModel.swift; sourceTree = "<group>"; };
		B73FF3102D81D2B000BF24BF /* ManagerViewModel.swift */ = {isa = PBXFileReference; lastKnownFileType = sourcecode.swift; path = ManagerViewModel.swift; sourceTree = "<group>"; };
		B73FF3202D86ECE700BF24BF /* AuthViewModel.swift */ = {isa = PBXFileReference; lastKnownFileType = sourcecode.swift; path = AuthViewModel.swift; sourceTree = "<group>"; };
		B73FF3222D86ED1400BF24BF /* LoginView.swift */ = {isa = PBXFileReference; lastKnownFileType = sourcecode.swift; path = LoginView.swift; sourceTree = "<group>"; };
		B73FF3242D86EFD000BF24BF /* NavBarView.swift */ = {isa = PBXFileReference; lastKnownFileType = sourcecode.swift; path = NavBarView.swift; sourceTree = "<group>"; };
		B73FF3272D86F13D00BF24BF /* CustomTextField.swift */ = {isa = PBXFileReference; lastKnownFileType = sourcecode.swift; path = CustomTextField.swift; sourceTree = "<group>"; };
		B73FF32F2D87423E00BF24BF /* HomeView.swift */ = {isa = PBXFileReference; lastKnownFileType = sourcecode.swift; path = HomeView.swift; sourceTree = "<group>"; };
		B73FF3322D8757BB00BF24BF /* SessionService.swift */ = {isa = PBXFileReference; lastKnownFileType = sourcecode.swift; path = SessionService.swift; sourceTree = "<group>"; };
		B73FF3342D8833C700BF24BF /* Seller.swift */ = {isa = PBXFileReference; lastKnownFileType = sourcecode.swift; path = Seller.swift; sourceTree = "<group>"; };
		B73FF3362D8833ED00BF24BF /* SellerViewModel.swift */ = {isa = PBXFileReference; lastKnownFileType = sourcecode.swift; path = SellerViewModel.swift; sourceTree = "<group>"; };
		B73FF3382D88343700BF24BF /* SellerService.swift */ = {isa = PBXFileReference; lastKnownFileType = sourcecode.swift; path = SellerService.swift; sourceTree = "<group>"; };
		B73FF33B2D88346E00BF24BF /* SellerDetailView.swift */ = {isa = PBXFileReference; lastKnownFileType = sourcecode.swift; path = SellerDetailView.swift; sourceTree = "<group>"; };
		B73FF33D2D88348800BF24BF /* SellerListView.swift */ = {isa = PBXFileReference; lastKnownFileType = sourcecode.swift; path = SellerListView.swift; sourceTree = "<group>"; };
		B73FF33F2D8834A300BF24BF /* NewSellerView.swift */ = {isa = PBXFileReference; lastKnownFileType = sourcecode.swift; path = NewSellerView.swift; sourceTree = "<group>"; };
		B73FF3412D884B4900BF24BF /* Refund.swift */ = {isa = PBXFileReference; lastKnownFileType = sourcecode.swift; path = Refund.swift; sourceTree = "<group>"; };
		B73FF3432D884CE000BF24BF /* RefundService.swift */ = {isa = PBXFileReference; lastKnownFileType = sourcecode.swift; path = RefundService.swift; sourceTree = "<group>"; };
		B73FF3452D8854AC00BF24BF /* Session.swift */ = {isa = PBXFileReference; lastKnownFileType = sourcecode.swift; path = Session.swift; sourceTree = "<group>"; };
		B73FF3472D8858BC00BF24BF /* SessionViewModel.swift */ = {isa = PBXFileReference; lastKnownFileType = sourcecode.swift; path = SessionViewModel.swift; sourceTree = "<group>"; };
		B73FF3692D89C5A800BF24BF /* DepositedGame.swift */ = {isa = PBXFileReference; lastKnownFileType = sourcecode.swift; path = DepositedGame.swift; sourceTree = "<group>"; };
		B73FF36B2D89C5F100BF24BF /* DepositedGameService.swift */ = {isa = PBXFileReference; lastKnownFileType = sourcecode.swift; path = DepositedGameService.swift; sourceTree = "<group>"; };
		B73FF36D2D89C60D00BF24BF /* DepositedGameViewModel.swift */ = {isa = PBXFileReference; lastKnownFileType = sourcecode.swift; path = DepositedGameViewModel.swift; sourceTree = "<group>"; };
		B73FF3702D89EEA900BF24BF /* DepositedGameSellerDetailView.swift */ = {isa = PBXFileReference; lastKnownFileType = sourcecode.swift; path = DepositedGameSellerDetailView.swift; sourceTree = "<group>"; };
		B73FF3732D89FD1500BF24BF /* Transaction.swift */ = {isa = PBXFileReference; lastKnownFileType = sourcecode.swift; path = Transaction.swift; sourceTree = "<group>"; };
		B73FF3752D89FDCA00BF24BF /* Client.swift */ = {isa = PBXFileReference; lastKnownFileType = sourcecode.swift; path = Client.swift; sourceTree = "<group>"; };
		B73FF3772D89FDF200BF24BF /* TransactionService.swift */ = {isa = PBXFileReference; lastKnownFileType = sourcecode.swift; path = TransactionService.swift; sourceTree = "<group>"; };
		B73FF3792D89FE1600BF24BF /* TransactionViewModel.swift */ = {isa = PBXFileReference; lastKnownFileType = sourcecode.swift; path = TransactionViewModel.swift; sourceTree = "<group>"; };
		B73FF37C2D89FE3D00BF24BF /* TransactionView.swift */ = {isa = PBXFileReference; lastKnownFileType = sourcecode.swift; path = TransactionView.swift; sourceTree = "<group>"; };
		B73FF37F2D8A054300BF24BF /* RefundViewModel.swift */ = {isa = PBXFileReference; lastKnownFileType = sourcecode.swift; path = RefundViewModel.swift; sourceTree = "<group>"; };
		B73FF3812D8A05AC00BF24BF /* RefundView.swift */ = {isa = PBXFileReference; lastKnownFileType = sourcecode.swift; path = RefundView.swift; sourceTree = "<group>"; };
		B73FF3832D8A0E7700BF24BF /* DepositedGameView.swift */ = {isa = PBXFileReference; lastKnownFileType = sourcecode.swift; path = DepositedGameView.swift; sourceTree = "<group>"; };
		B73FF3852D8A1FB700BF24BF /* ClientService.swift */ = {isa = PBXFileReference; lastKnownFileType = sourcecode.swift; path = ClientService.swift; sourceTree = "<group>"; };
		B73FF3872D8A1FCB00BF24BF /* ClientViewModel.swift */ = {isa = PBXFileReference; lastKnownFileType = sourcecode.swift; path = ClientViewModel.swift; sourceTree = "<group>"; };
		B73FF38A2D8A207700BF24BF /* ClientListView.swift */ = {isa = PBXFileReference; lastKnownFileType = sourcecode.swift; path = ClientListView.swift; sourceTree = "<group>"; };
		B73FF38E2D8A20C400BF24BF /* NewClientView.swift */ = {isa = PBXFileReference; lastKnownFileType = sourcecode.swift; path = NewClientView.swift; sourceTree = "<group>"; };
		B73FF3A32D8B2BF100BF24BF /* CartView.swift */ = {isa = PBXFileReference; lastKnownFileType = sourcecode.swift; path = CartView.swift; sourceTree = "<group>"; };
		B73FF3A72D8B2C3D00BF24BF /* CartService.swift */ = {isa = PBXFileReference; lastKnownFileType = sourcecode.swift; path = CartService.swift; sourceTree = "<group>"; };
		B73FF3A92D8B2C9400BF24BF /* CartViewModel.swift */ = {isa = PBXFileReference; lastKnownFileType = sourcecode.swift; path = CartViewModel.swift; sourceTree = "<group>"; };
		B73FF3AB2D8B2CD200BF24BF /* CartItem.swift */ = {isa = PBXFileReference; lastKnownFileType = sourcecode.swift; path = CartItem.swift; sourceTree = "<group>"; };
		B73FF3AD2D8B7FD200BF24BF /* NavigationViewModel.swift */ = {isa = PBXFileReference; lastKnownFileType = sourcecode.swift; path = NavigationViewModel.swift; sourceTree = "<group>"; };
		B73FF3AF2D8C13B500BF24BF /* ClientDetailView.swift */ = {isa = PBXFileReference; lastKnownFileType = sourcecode.swift; path = ClientDetailView.swift; sourceTree = "<group>"; };
		B73FF3B12D8C143B00BF24BF /* SharedComponents.swift */ = {isa = PBXFileReference; lastKnownFileType = sourcecode.swift; path = SharedComponents.swift; sourceTree = "<group>"; };
		B73FF3B62D8C1EF600BF24BF /* ManagerListView.swift */ = {isa = PBXFileReference; lastKnownFileType = sourcecode.swift; path = ManagerListView.swift; sourceTree = "<group>"; };
		B73FF3B82D8C206300BF24BF /* ManagerService.swift */ = {isa = PBXFileReference; lastKnownFileType = sourcecode.swift; path = ManagerService.swift; sourceTree = "<group>"; };
		B73FF3BA2D8C21CB00BF24BF /* NewManagerView.swift */ = {isa = PBXFileReference; lastKnownFileType = sourcecode.swift; path = NewManagerView.swift; sourceTree = "<group>"; };
		B73FF3BC2D8C21DD00BF24BF /* EditManagerView.swift */ = {isa = PBXFileReference; lastKnownFileType = sourcecode.swift; path = EditManagerView.swift; sourceTree = "<group>"; };
		B73FF3BE2D8C26E300BF24BF /* TransactionListVIew.swift */ = {isa = PBXFileReference; lastKnownFileType = sourcecode.swift; path = TransactionListVIew.swift; sourceTree = "<group>"; };
		B73FF3C12D8C97BE00BF24BF /* CreateDepositedGameView.swift */ = {isa = PBXFileReference; lastKnownFileType = sourcecode.swift; path = CreateDepositedGameView.swift; sourceTree = "<group>"; };
		B73FF3C32D8C97E700BF24BF /* CreateDepositedGameViewModel.swift */ = {isa = PBXFileReference; lastKnownFileType = sourcecode.swift; path = CreateDepositedGameViewModel.swift; sourceTree = "<group>"; };
		B73FF3C52D8CAAAB00BF24BF /* GameDescriptionViewModel.swift */ = {isa = PBXFileReference; lastKnownFileType = sourcecode.swift; path = GameDescriptionViewModel.swift; sourceTree = "<group>"; };
		B73FF3C72D8CAB5100BF24BF /* GameDescription.swift */ = {isa = PBXFileReference; lastKnownFileType = sourcecode.swift; path = GameDescription.swift; sourceTree = "<group>"; };
		B73FF3C92D8CAB6E00BF24BF /* GameDescriptionService.swift */ = {isa = PBXFileReference; lastKnownFileType = sourcecode.swift; path = GameDescriptionService.swift; sourceTree = "<group>"; };
		B73FF3CD2D8CCA7D00BF24BF /* GameSelectionView.swift */ = {isa = PBXFileReference; lastKnownFileType = sourcecode.swift; path = GameSelectionView.swift; sourceTree = "<group>"; };
		B73FF3CF2D8CCA9700BF24BF /* TotalFeesView.swift */ = {isa = PBXFileReference; lastKnownFileType = sourcecode.swift; path = TotalFeesView.swift; sourceTree = "<group>"; };
		B73FF3D12D8CCAB500BF24BF /* SellerSelectionView.swift */ = {isa = PBXFileReference; lastKnownFileType = sourcecode.swift; path = SellerSelectionView.swift; sourceTree = "<group>"; };
		B73FF3D32D8CCCBA00BF24BF /* SessionInfoView.swift */ = {isa = PBXFileReference; lastKnownFileType = sourcecode.swift; path = SessionInfoView.swift; sourceTree = "<group>"; };
		B73FF3D72D8D73D200BF24BF /* GameDeposited.swift */ = {isa = PBXFileReference; lastKnownFileType = sourcecode.swift; path = GameDeposited.swift; sourceTree = "<group>"; };
		B73FF3D92D8D761400BF24BF /* DepositFeePaymentService.swift */ = {isa = PBXFileReference; lastKnownFileType = sourcecode.swift; path = DepositFeePaymentService.swift; sourceTree = "<group>"; };
		B73FF3DB2D8D94C700BF24BF /* DepositFeePayment.swift */ = {isa = PBXFileReference; lastKnownFileType = sourcecode.swift; path = DepositFeePayment.swift; sourceTree = "<group>"; };
		B73FF3DE2D8D956000BF24BF /* TreasuryView.swift */ = {isa = PBXFileReference; lastKnownFileType = sourcecode.swift; path = TreasuryView.swift; sourceTree = "<group>"; };
		B73FF3E02D8D957200BF24BF /* DepositFeePaymentCardTreasury.swift */ = {isa = PBXFileReference; lastKnownFileType = sourcecode.swift; path = DepositFeePaymentCardTreasury.swift; sourceTree = "<group>"; };
		B73FF3E22D8D958D00BF24BF /* FormatDate.swift */ = {isa = PBXFileReference; lastKnownFileType = sourcecode.swift; path = FormatDate.swift; sourceTree = "<group>"; };
		B73FF3E42D8D95B500BF24BF /* RefundCardTreasury.swift */ = {isa = PBXFileReference; lastKnownFileType = sourcecode.swift; path = RefundCardTreasury.swift; sourceTree = "<group>"; };
		B73FF3E62D8D95E100BF24BF /* TransactionCardTreasury.swift */ = {isa = PBXFileReference; lastKnownFileType = sourcecode.swift; path = TransactionCardTreasury.swift; sourceTree = "<group>"; };
		B73FF3E92D8D9D9700BF24BF /* SessionListView.swift */ = {isa = PBXFileReference; lastKnownFileType = sourcecode.swift; path = SessionListView.swift; sourceTree = "<group>"; };
		B73FF3EB2D8D9DA400BF24BF /* SessionCardView.swift */ = {isa = PBXFileReference; lastKnownFileType = sourcecode.swift; path = SessionCardView.swift; sourceTree = "<group>"; };
		B73FF3ED2D8D9E1900BF24BF /* SessionListViewModel.swift */ = {isa = PBXFileReference; lastKnownFileType = sourcecode.swift; path = SessionListViewModel.swift; sourceTree = "<group>"; };
		B73FF3F02D8DB00300BF24BF /* CreateGameDescriptionView.swift */ = {isa = PBXFileReference; lastKnownFileType = sourcecode.swift; path = CreateGameDescriptionView.swift; sourceTree = "<group>"; };
/* End PBXFileReference section */

/* Begin PBXFrameworksBuildPhase section */
		B73FF2F52D81D1C000BF24BF /* Frameworks */ = {
			isa = PBXFrameworksBuildPhase;
			buildActionMask = 2147483647;
			files = (
			);
			runOnlyForDeploymentPostprocessing = 0;
		};
/* End PBXFrameworksBuildPhase section */

/* Begin PBXGroup section */
		B73FF2EF2D81D1C000BF24BF = {
			isa = PBXGroup;
			children = (
				B73FF2FA2D81D1C000BF24BF /* ahoui-ios */,
				B73FF2F92D81D1C000BF24BF /* Products */,
			);
			sourceTree = "<group>";
		};
		B73FF2F92D81D1C000BF24BF /* Products */ = {
			isa = PBXGroup;
			children = (
				B73FF2F82D81D1C000BF24BF /* ahoui-ios.app */,
			);
			name = Products;
			sourceTree = "<group>";
		};
		B73FF2FA2D81D1C000BF24BF /* ahoui-ios */ = {
			isa = PBXGroup;
			children = (
				B73FF3312D8757A200BF24BF /* Services */,
				B73FF30D2D81D20200BF24BF /* Views */,
				B73FF30C2D81D1FC00BF24BF /* ViewModels */,
				B73FF3092D81D1CC00BF24BF /* Models */,
				B73FF2FB2D81D1C000BF24BF /* ahoui_iosApp.swift */,
				B73FF2FD2D81D1C000BF24BF /* ContentView.swift */,
				B73FF2FF2D81D1C100BF24BF /* Assets.xcassets */,
				B73FF3012D81D1C100BF24BF /* Preview Content */,
			);
			path = "ahoui-ios";
			sourceTree = "<group>";
		};
		B73FF3012D81D1C100BF24BF /* Preview Content */ = {
			isa = PBXGroup;
			children = (
				B73FF3022D81D1C100BF24BF /* Preview Assets.xcassets */,
			);
			path = "Preview Content";
			sourceTree = "<group>";
		};
		B73FF3092D81D1CC00BF24BF /* Models */ = {
			isa = PBXGroup;
			children = (
				B73FF30A2D81D1DC00BF24BF /* ManagerModel.swift */,
				B73FF3342D8833C700BF24BF /* Seller.swift */,
				B73FF3412D884B4900BF24BF /* Refund.swift */,
				B73FF3452D8854AC00BF24BF /* Session.swift */,
				B73FF3692D89C5A800BF24BF /* DepositedGame.swift */,
				B73FF3732D89FD1500BF24BF /* Transaction.swift */,
				B73FF3752D89FDCA00BF24BF /* Client.swift */,
				B73FF3AB2D8B2CD200BF24BF /* CartItem.swift */,
				B73FF3C72D8CAB5100BF24BF /* GameDescription.swift */,
				B73FF3D72D8D73D200BF24BF /* GameDeposited.swift */,
				B73FF3DB2D8D94C700BF24BF /* DepositFeePayment.swift */,
			);
			path = Models;
			sourceTree = "<group>";
		};
		B73FF30C2D81D1FC00BF24BF /* ViewModels */ = {
			isa = PBXGroup;
			children = (
				B73FF3102D81D2B000BF24BF /* ManagerViewModel.swift */,
				B73FF3202D86ECE700BF24BF /* AuthViewModel.swift */,
				B73FF3362D8833ED00BF24BF /* SellerViewModel.swift */,
				B73FF3472D8858BC00BF24BF /* SessionViewModel.swift */,
				B73FF36D2D89C60D00BF24BF /* DepositedGameViewModel.swift */,
				B73FF3792D89FE1600BF24BF /* TransactionViewModel.swift */,
				B73FF37F2D8A054300BF24BF /* RefundViewModel.swift */,
				B73FF3872D8A1FCB00BF24BF /* ClientViewModel.swift */,
				B73FF3A92D8B2C9400BF24BF /* CartViewModel.swift */,
				B73FF3AD2D8B7FD200BF24BF /* NavigationViewModel.swift */,
				B73FF3C32D8C97E700BF24BF /* CreateDepositedGameViewModel.swift */,
				B73FF3C52D8CAAAB00BF24BF /* GameDescriptionViewModel.swift */,
				B73FF3ED2D8D9E1900BF24BF /* SessionListViewModel.swift */,
			);
			path = ViewModels;
			sourceTree = "<group>";
		};
		B73FF30D2D81D20200BF24BF /* Views */ = {
			isa = PBXGroup;
			children = (
				B73FF3EF2D8DAFF000BF24BF /* GameDescription */,
				B73FF3E82D8D9D7900BF24BF /* Session */,
				B73FF3DD2D8D955400BF24BF /* Treasury */,
				B73FF3C02D8C976B00BF24BF /* CreateDepositedGame */,
				B73FF3B52D8C1EC300BF24BF /* Manager */,
				B73FF3A22D8B2BD900BF24BF /* Cart */,
				B73FF3892D8A206900BF24BF /* Client */,
				B73FF37E2D8A052B00BF24BF /* Refund */,
				B73FF37B2D89FE2F00BF24BF /* Transaction */,
				B73FF36F2D89EE8900BF24BF /* DepositedGame */,
				B73FF33A2D88345600BF24BF /* Seller */,
				B73FF3262D86F11A00BF24BF /* Components */,
				B73FF32F2D87423E00BF24BF /* HomeView.swift */,
				B73FF3222D86ED1400BF24BF /* LoginView.swift */,
				B73FF3242D86EFD000BF24BF /* NavBarView.swift */,
			);
			path = Views;
			sourceTree = "<group>";
		};
		B73FF3262D86F11A00BF24BF /* Components */ = {
			isa = PBXGroup;
			children = (
				B73FF3272D86F13D00BF24BF /* CustomTextField.swift */,
				B73FF3B12D8C143B00BF24BF /* SharedComponents.swift */,
			);
			path = Components;
			sourceTree = "<group>";
		};
		B73FF3312D8757A200BF24BF /* Services */ = {
			isa = PBXGroup;
			children = (
				B73FF3322D8757BB00BF24BF /* SessionService.swift */,
				B73FF3382D88343700BF24BF /* SellerService.swift */,
				B73FF3432D884CE000BF24BF /* RefundService.swift */,
				B73FF36B2D89C5F100BF24BF /* DepositedGameService.swift */,
				B73FF3772D89FDF200BF24BF /* TransactionService.swift */,
				B73FF3852D8A1FB700BF24BF /* ClientService.swift */,
				B73FF3A72D8B2C3D00BF24BF /* CartService.swift */,
				B73FF3B82D8C206300BF24BF /* ManagerService.swift */,
				B73FF3C92D8CAB6E00BF24BF /* GameDescriptionService.swift */,
				B73FF3D92D8D761400BF24BF /* DepositFeePaymentService.swift */,
			);
			path = Services;
			sourceTree = "<group>";
		};
		B73FF33A2D88345600BF24BF /* Seller */ = {
			isa = PBXGroup;
			children = (
				B73FF33B2D88346E00BF24BF /* SellerDetailView.swift */,
				B73FF33D2D88348800BF24BF /* SellerListView.swift */,
				B73FF33F2D8834A300BF24BF /* NewSellerView.swift */,
			);
			path = Seller;
			sourceTree = "<group>";
		};
		B73FF36F2D89EE8900BF24BF /* DepositedGame */ = {
			isa = PBXGroup;
			children = (
				B73FF3702D89EEA900BF24BF /* DepositedGameSellerDetailView.swift */,
				B73FF3832D8A0E7700BF24BF /* DepositedGameView.swift */,
			);
			path = DepositedGame;
			sourceTree = "<group>";
		};
		B73FF37B2D89FE2F00BF24BF /* Transaction */ = {
			isa = PBXGroup;
			children = (
				B73FF37C2D89FE3D00BF24BF /* TransactionView.swift */,
				B73FF3BE2D8C26E300BF24BF /* TransactionListVIew.swift */,
			);
			path = Transaction;
			sourceTree = "<group>";
		};
		B73FF37E2D8A052B00BF24BF /* Refund */ = {
			isa = PBXGroup;
			children = (
				B73FF3812D8A05AC00BF24BF /* RefundView.swift */,
			);
			path = Refund;
			sourceTree = "<group>";
		};
		B73FF3892D8A206900BF24BF /* Client */ = {
			isa = PBXGroup;
			children = (
				B73FF38A2D8A207700BF24BF /* ClientListView.swift */,
				B73FF38E2D8A20C400BF24BF /* NewClientView.swift */,
				B73FF3AF2D8C13B500BF24BF /* ClientDetailView.swift */,
			);
			path = Client;
			sourceTree = "<group>";
		};
		B73FF3A22D8B2BD900BF24BF /* Cart */ = {
			isa = PBXGroup;
			children = (
				B73FF3A32D8B2BF100BF24BF /* CartView.swift */,
			);
			path = Cart;
			sourceTree = "<group>";
		};
		B73FF3B52D8C1EC300BF24BF /* Manager */ = {
			isa = PBXGroup;
			children = (
				B73FF3B62D8C1EF600BF24BF /* ManagerListView.swift */,
				B73FF3BA2D8C21CB00BF24BF /* NewManagerView.swift */,
				B73FF3BC2D8C21DD00BF24BF /* EditManagerView.swift */,
			);
			path = Manager;
			sourceTree = "<group>";
		};
		B73FF3C02D8C976B00BF24BF /* CreateDepositedGame */ = {
			isa = PBXGroup;
			children = (
				B73FF3C12D8C97BE00BF24BF /* CreateDepositedGameView.swift */,
				B73FF3CD2D8CCA7D00BF24BF /* GameSelectionView.swift */,
				B73FF3CF2D8CCA9700BF24BF /* TotalFeesView.swift */,
				B73FF3D12D8CCAB500BF24BF /* SellerSelectionView.swift */,
				B73FF3D32D8CCCBA00BF24BF /* SessionInfoView.swift */,
			);
			path = CreateDepositedGame;
			sourceTree = "<group>";
		};
		B73FF3DD2D8D955400BF24BF /* Treasury */ = {
			isa = PBXGroup;
			children = (
				B73FF3DE2D8D956000BF24BF /* TreasuryView.swift */,
				B73FF3E02D8D957200BF24BF /* DepositFeePaymentCardTreasury.swift */,
				B73FF3E22D8D958D00BF24BF /* FormatDate.swift */,
				B73FF3E42D8D95B500BF24BF /* RefundCardTreasury.swift */,
				B73FF3E62D8D95E100BF24BF /* TransactionCardTreasury.swift */,
			);
			path = Treasury;
			sourceTree = "<group>";
		};
		B73FF3E82D8D9D7900BF24BF /* Session */ = {
			isa = PBXGroup;
			children = (
				B73FF3E92D8D9D9700BF24BF /* SessionListView.swift */,
				B73FF3EB2D8D9DA400BF24BF /* SessionCardView.swift */,
			);
			path = Session;
			sourceTree = "<group>";
		};
		B73FF3EF2D8DAFF000BF24BF /* GameDescription */ = {
			isa = PBXGroup;
			children = (
				B73FF3F02D8DB00300BF24BF /* CreateGameDescriptionView.swift */,
			);
			path = GameDescription;
			sourceTree = "<group>";
		};
/* End PBXGroup section */

/* Begin PBXNativeTarget section */
		B73FF2F72D81D1C000BF24BF /* ahoui-ios */ = {
			isa = PBXNativeTarget;
			buildConfigurationList = B73FF3062D81D1C100BF24BF /* Build configuration list for PBXNativeTarget "ahoui-ios" */;
			buildPhases = (
				B73FF2F42D81D1C000BF24BF /* Sources */,
				B73FF2F52D81D1C000BF24BF /* Frameworks */,
				B73FF2F62D81D1C000BF24BF /* Resources */,
			);
			buildRules = (
			);
			dependencies = (
			);
			name = "ahoui-ios";
			productName = "ahoui-ios";
			productReference = B73FF2F82D81D1C000BF24BF /* ahoui-ios.app */;
			productType = "com.apple.product-type.application";
		};
/* End PBXNativeTarget section */

/* Begin PBXProject section */
		B73FF2F02D81D1C000BF24BF /* Project object */ = {
			isa = PBXProject;
			attributes = {
				BuildIndependentTargetsInParallel = 1;
				LastSwiftUpdateCheck = 1530;
				LastUpgradeCheck = 1530;
				TargetAttributes = {
					B73FF2F72D81D1C000BF24BF = {
						CreatedOnToolsVersion = 15.3;
					};
				};
			};
			buildConfigurationList = B73FF2F32D81D1C000BF24BF /* Build configuration list for PBXProject "ahoui-ios" */;
			compatibilityVersion = "Xcode 14.0";
			developmentRegion = en;
			hasScannedForEncodings = 0;
			knownRegions = (
				en,
				Base,
			);
			mainGroup = B73FF2EF2D81D1C000BF24BF;
			productRefGroup = B73FF2F92D81D1C000BF24BF /* Products */;
			projectDirPath = "";
			projectRoot = "";
			targets = (
				B73FF2F72D81D1C000BF24BF /* ahoui-ios */,
			);
		};
/* End PBXProject section */

/* Begin PBXResourcesBuildPhase section */
		B73FF2F62D81D1C000BF24BF /* Resources */ = {
			isa = PBXResourcesBuildPhase;
			buildActionMask = 2147483647;
			files = (
				B73FF3032D81D1C100BF24BF /* Preview Assets.xcassets in Resources */,
				B73FF3002D81D1C100BF24BF /* Assets.xcassets in Resources */,
			);
			runOnlyForDeploymentPostprocessing = 0;
		};
/* End PBXResourcesBuildPhase section */

/* Begin PBXSourcesBuildPhase section */
		B73FF2F42D81D1C000BF24BF /* Sources */ = {
			isa = PBXSourcesBuildPhase;
			buildActionMask = 2147483647;
			files = (
				B73FF3462D8854AC00BF24BF /* Session.swift in Sources */,
				B73FF3E12D8D957200BF24BF /* DepositFeePaymentCardTreasury.swift in Sources */,
				B73FF33C2D88346E00BF24BF /* SellerDetailView.swift in Sources */,
				B73FF3D82D8D73D200BF24BF /* GameDeposited.swift in Sources */,
				B73FF3DF2D8D956000BF24BF /* TreasuryView.swift in Sources */,
				B73FF3B02D8C13B500BF24BF /* ClientDetailView.swift in Sources */,
				B73FF37A2D89FE1600BF24BF /* TransactionViewModel.swift in Sources */,
				B73FF3782D89FDF200BF24BF /* TransactionService.swift in Sources */,
				B73FF36C2D89C5F100BF24BF /* DepositedGameService.swift in Sources */,
				B73FF3DA2D8D761400BF24BF /* DepositFeePaymentService.swift in Sources */,
				B73FF38B2D8A207700BF24BF /* ClientListView.swift in Sources */,
				B73FF3C42D8C97E700BF24BF /* CreateDepositedGameViewModel.swift in Sources */,
				B73FF3802D8A054300BF24BF /* RefundViewModel.swift in Sources */,
				B73FF3EE2D8D9E1900BF24BF /* SessionListViewModel.swift in Sources */,
				B73FF3252D86EFD000BF24BF /* NavBarView.swift in Sources */,
				B73FF3C62D8CAAAB00BF24BF /* GameDescriptionViewModel.swift in Sources */,
				B73FF3482D8858BC00BF24BF /* SessionViewModel.swift in Sources */,
				B73FF3232D86ED1400BF24BF /* LoginView.swift in Sources */,
				B73FF3AE2D8B7FD200BF24BF /* NavigationViewModel.swift in Sources */,
				B73FF3BD2D8C21DD00BF24BF /* EditManagerView.swift in Sources */,
				B73FF3CE2D8CCA7D00BF24BF /* GameSelectionView.swift in Sources */,
				B73FF3822D8A05AC00BF24BF /* RefundView.swift in Sources */,
				B73FF3302D87423E00BF24BF /* HomeView.swift in Sources */,
				B73FF3B92D8C206300BF24BF /* ManagerService.swift in Sources */,
				B73FF3EC2D8D9DA400BF24BF /* SessionCardView.swift in Sources */,
				B73FF3BB2D8C21CB00BF24BF /* NewManagerView.swift in Sources */,
				B73FF3882D8A1FCB00BF24BF /* ClientViewModel.swift in Sources */,
				B73FF3D02D8CCA9700BF24BF /* TotalFeesView.swift in Sources */,
				B73FF3392D88343700BF24BF /* SellerService.swift in Sources */,
				B73FF3372D8833ED00BF24BF /* SellerViewModel.swift in Sources */,
				B73FF3332D8757BB00BF24BF /* SessionService.swift in Sources */,
				B73FF3E72D8D95E100BF24BF /* TransactionCardTreasury.swift in Sources */,
				B73FF3442D884CE000BF24BF /* RefundService.swift in Sources */,
				B73FF36A2D89C5A800BF24BF /* DepositedGame.swift in Sources */,
				B73FF2FE2D81D1C000BF24BF /* ContentView.swift in Sources */,
				B73FF3D22D8CCAB500BF24BF /* SellerSelectionView.swift in Sources */,
				B73FF36E2D89C60D00BF24BF /* DepositedGameViewModel.swift in Sources */,
				B73FF37D2D89FE3D00BF24BF /* TransactionView.swift in Sources */,
				B73FF3A82D8B2C3D00BF24BF /* CartService.swift in Sources */,
				B73FF3C22D8C97BE00BF24BF /* CreateDepositedGameView.swift in Sources */,
				B73FF3A42D8B2BF100BF24BF /* CartView.swift in Sources */,
				B73FF3352D8833C700BF24BF /* Seller.swift in Sources */,
				B73FF3842D8A0E7700BF24BF /* DepositedGameView.swift in Sources */,
				B73FF3B72D8C1EF600BF24BF /* ManagerListView.swift in Sources */,
				B73FF3212D86ECE700BF24BF /* AuthViewModel.swift in Sources */,
				B73FF3DC2D8D94C700BF24BF /* DepositFeePayment.swift in Sources */,
				B73FF3E32D8D958D00BF24BF /* FormatDate.swift in Sources */,
				B73FF3762D89FDCA00BF24BF /* Client.swift in Sources */,
				B73FF3CA2D8CAB6E00BF24BF /* GameDescriptionService.swift in Sources */,
				B73FF3112D81D2B000BF24BF /* ManagerViewModel.swift in Sources */,
				B73FF3742D89FD1500BF24BF /* Transaction.swift in Sources */,
				B73FF3EA2D8D9D9700BF24BF /* SessionListView.swift in Sources */,
				B73FF3E52D8D95B500BF24BF /* RefundCardTreasury.swift in Sources */,
				B73FF2FC2D81D1C000BF24BF /* ahoui_iosApp.swift in Sources */,
				B73FF3BF2D8C26E300BF24BF /* TransactionListVIew.swift in Sources */,
				B73FF3D42D8CCCBA00BF24BF /* SessionInfoView.swift in Sources */,
				B73FF3F12D8DB00300BF24BF /* CreateGameDescriptionView.swift in Sources */,
				B73FF33E2D88348800BF24BF /* SellerListView.swift in Sources */,
				B73FF30B2D81D1DC00BF24BF /* ManagerModel.swift in Sources */,
				B73FF3AC2D8B2CD200BF24BF /* CartItem.swift in Sources */,
				B73FF3AA2D8B2C9400BF24BF /* CartViewModel.swift in Sources */,
				B73FF3422D884B4900BF24BF /* Refund.swift in Sources */,
				B73FF3B22D8C143B00BF24BF /* SharedComponents.swift in Sources */,
				B73FF3C82D8CAB5100BF24BF /* GameDescription.swift in Sources */,
				B73FF3862D8A1FB700BF24BF /* ClientService.swift in Sources */,
				B73FF3282D86F13D00BF24BF /* CustomTextField.swift in Sources */,
				B73FF3712D89EEA900BF24BF /* DepositedGameSellerDetailView.swift in Sources */,
				B73FF3402D8834A300BF24BF /* NewSellerView.swift in Sources */,
				B73FF38F2D8A20C400BF24BF /* NewClientView.swift in Sources */,
			);
			runOnlyForDeploymentPostprocessing = 0;
		};
/* End PBXSourcesBuildPhase section */

/* Begin XCBuildConfiguration section */
		B73FF3042D81D1C100BF24BF /* Debug */ = {
			isa = XCBuildConfiguration;
			buildSettings = {
				ALWAYS_SEARCH_USER_PATHS = NO;
				ASSETCATALOG_COMPILER_GENERATE_SWIFT_ASSET_SYMBOL_EXTENSIONS = YES;
				CLANG_ANALYZER_NONNULL = YES;
				CLANG_ANALYZER_NUMBER_OBJECT_CONVERSION = YES_AGGRESSIVE;
				CLANG_CXX_LANGUAGE_STANDARD = "gnu++20";
				CLANG_ENABLE_MODULES = YES;
				CLANG_ENABLE_OBJC_ARC = YES;
				CLANG_ENABLE_OBJC_WEAK = YES;
				CLANG_WARN_BLOCK_CAPTURE_AUTORELEASING = YES;
				CLANG_WARN_BOOL_CONVERSION = YES;
				CLANG_WARN_COMMA = YES;
				CLANG_WARN_CONSTANT_CONVERSION = YES;
				CLANG_WARN_DEPRECATED_OBJC_IMPLEMENTATIONS = YES;
				CLANG_WARN_DIRECT_OBJC_ISA_USAGE = YES_ERROR;
				CLANG_WARN_DOCUMENTATION_COMMENTS = YES;
				CLANG_WARN_EMPTY_BODY = YES;
				CLANG_WARN_ENUM_CONVERSION = YES;
				CLANG_WARN_INFINITE_RECURSION = YES;
				CLANG_WARN_INT_CONVERSION = YES;
				CLANG_WARN_NON_LITERAL_NULL_CONVERSION = YES;
				CLANG_WARN_OBJC_IMPLICIT_RETAIN_SELF = YES;
				CLANG_WARN_OBJC_LITERAL_CONVERSION = YES;
				CLANG_WARN_OBJC_ROOT_CLASS = YES_ERROR;
				CLANG_WARN_QUOTED_INCLUDE_IN_FRAMEWORK_HEADER = YES;
				CLANG_WARN_RANGE_LOOP_ANALYSIS = YES;
				CLANG_WARN_STRICT_PROTOTYPES = YES;
				CLANG_WARN_SUSPICIOUS_MOVE = YES;
				CLANG_WARN_UNGUARDED_AVAILABILITY = YES_AGGRESSIVE;
				CLANG_WARN_UNREACHABLE_CODE = YES;
				CLANG_WARN__DUPLICATE_METHOD_MATCH = YES;
				COPY_PHASE_STRIP = NO;
				DEBUG_INFORMATION_FORMAT = dwarf;
				ENABLE_STRICT_OBJC_MSGSEND = YES;
				ENABLE_TESTABILITY = YES;
				ENABLE_USER_SCRIPT_SANDBOXING = YES;
				GCC_C_LANGUAGE_STANDARD = gnu17;
				GCC_DYNAMIC_NO_PIC = NO;
				GCC_NO_COMMON_BLOCKS = YES;
				GCC_OPTIMIZATION_LEVEL = 0;
				GCC_PREPROCESSOR_DEFINITIONS = (
					"DEBUG=1",
					"$(inherited)",
				);
				GCC_WARN_64_TO_32_BIT_CONVERSION = YES;
				GCC_WARN_ABOUT_RETURN_TYPE = YES_ERROR;
				GCC_WARN_UNDECLARED_SELECTOR = YES;
				GCC_WARN_UNINITIALIZED_AUTOS = YES_AGGRESSIVE;
				GCC_WARN_UNUSED_FUNCTION = YES;
				GCC_WARN_UNUSED_VARIABLE = YES;
				IPHONEOS_DEPLOYMENT_TARGET = 17.4;
				LOCALIZATION_PREFERS_STRING_CATALOGS = YES;
				MTL_ENABLE_DEBUG_INFO = INCLUDE_SOURCE;
				MTL_FAST_MATH = YES;
				ONLY_ACTIVE_ARCH = YES;
				SDKROOT = iphoneos;
				SWIFT_ACTIVE_COMPILATION_CONDITIONS = "DEBUG $(inherited)";
				SWIFT_OPTIMIZATION_LEVEL = "-Onone";
			};
			name = Debug;
		};
		B73FF3052D81D1C100BF24BF /* Release */ = {
			isa = XCBuildConfiguration;
			buildSettings = {
				ALWAYS_SEARCH_USER_PATHS = NO;
				ASSETCATALOG_COMPILER_GENERATE_SWIFT_ASSET_SYMBOL_EXTENSIONS = YES;
				CLANG_ANALYZER_NONNULL = YES;
				CLANG_ANALYZER_NUMBER_OBJECT_CONVERSION = YES_AGGRESSIVE;
				CLANG_CXX_LANGUAGE_STANDARD = "gnu++20";
				CLANG_ENABLE_MODULES = YES;
				CLANG_ENABLE_OBJC_ARC = YES;
				CLANG_ENABLE_OBJC_WEAK = YES;
				CLANG_WARN_BLOCK_CAPTURE_AUTORELEASING = YES;
				CLANG_WARN_BOOL_CONVERSION = YES;
				CLANG_WARN_COMMA = YES;
				CLANG_WARN_CONSTANT_CONVERSION = YES;
				CLANG_WARN_DEPRECATED_OBJC_IMPLEMENTATIONS = YES;
				CLANG_WARN_DIRECT_OBJC_ISA_USAGE = YES_ERROR;
				CLANG_WARN_DOCUMENTATION_COMMENTS = YES;
				CLANG_WARN_EMPTY_BODY = YES;
				CLANG_WARN_ENUM_CONVERSION = YES;
				CLANG_WARN_INFINITE_RECURSION = YES;
				CLANG_WARN_INT_CONVERSION = YES;
				CLANG_WARN_NON_LITERAL_NULL_CONVERSION = YES;
				CLANG_WARN_OBJC_IMPLICIT_RETAIN_SELF = YES;
				CLANG_WARN_OBJC_LITERAL_CONVERSION = YES;
				CLANG_WARN_OBJC_ROOT_CLASS = YES_ERROR;
				CLANG_WARN_QUOTED_INCLUDE_IN_FRAMEWORK_HEADER = YES;
				CLANG_WARN_RANGE_LOOP_ANALYSIS = YES;
				CLANG_WARN_STRICT_PROTOTYPES = YES;
				CLANG_WARN_SUSPICIOUS_MOVE = YES;
				CLANG_WARN_UNGUARDED_AVAILABILITY = YES_AGGRESSIVE;
				CLANG_WARN_UNREACHABLE_CODE = YES;
				CLANG_WARN__DUPLICATE_METHOD_MATCH = YES;
				COPY_PHASE_STRIP = NO;
				DEBUG_INFORMATION_FORMAT = "dwarf-with-dsym";
				ENABLE_NS_ASSERTIONS = NO;
				ENABLE_STRICT_OBJC_MSGSEND = YES;
				ENABLE_USER_SCRIPT_SANDBOXING = YES;
				GCC_C_LANGUAGE_STANDARD = gnu17;
				GCC_NO_COMMON_BLOCKS = YES;
				GCC_WARN_64_TO_32_BIT_CONVERSION = YES;
				GCC_WARN_ABOUT_RETURN_TYPE = YES_ERROR;
				GCC_WARN_UNDECLARED_SELECTOR = YES;
				GCC_WARN_UNINITIALIZED_AUTOS = YES_AGGRESSIVE;
				GCC_WARN_UNUSED_FUNCTION = YES;
				GCC_WARN_UNUSED_VARIABLE = YES;
				IPHONEOS_DEPLOYMENT_TARGET = 17.4;
				LOCALIZATION_PREFERS_STRING_CATALOGS = YES;
				MTL_ENABLE_DEBUG_INFO = NO;
				MTL_FAST_MATH = YES;
				SDKROOT = iphoneos;
				SWIFT_COMPILATION_MODE = wholemodule;
				VALIDATE_PRODUCT = YES;
			};
			name = Release;
		};
		B73FF3072D81D1C100BF24BF /* Debug */ = {
			isa = XCBuildConfiguration;
			buildSettings = {
				ASSETCATALOG_COMPILER_APPICON_NAME = AppIcon;
				ASSETCATALOG_COMPILER_GLOBAL_ACCENT_COLOR_NAME = AccentColor;
				CODE_SIGN_STYLE = Automatic;
				CURRENT_PROJECT_VERSION = 1;
				DEVELOPMENT_ASSET_PATHS = "\"ahoui-ios/Preview Content\"";
				ENABLE_PREVIEWS = YES;
				GENERATE_INFOPLIST_FILE = YES;
				INFOPLIST_FILE = "ahoui-ios/Info.plist";
				INFOPLIST_KEY_UIApplicationSceneManifest_Generation = YES;
				INFOPLIST_KEY_UIApplicationSupportsIndirectInputEvents = YES;
				INFOPLIST_KEY_UILaunchScreen_Generation = YES;
				INFOPLIST_KEY_UISupportedInterfaceOrientations_iPad = "UIInterfaceOrientationPortrait UIInterfaceOrientationPortraitUpsideDown UIInterfaceOrientationLandscapeLeft UIInterfaceOrientationLandscapeRight";
				INFOPLIST_KEY_UISupportedInterfaceOrientations_iPhone = "UIInterfaceOrientationPortrait UIInterfaceOrientationLandscapeLeft UIInterfaceOrientationLandscapeRight";
				LD_RUNPATH_SEARCH_PATHS = (
					"$(inherited)",
					"@executable_path/Frameworks",
				);
				MARKETING_VERSION = 1.0;
				PRODUCT_BUNDLE_IDENTIFIER = "com.ahoui.ahoui-ios";
				PRODUCT_NAME = "$(TARGET_NAME)";
				SWIFT_EMIT_LOC_STRINGS = YES;
				SWIFT_VERSION = 5.0;
				TARGETED_DEVICE_FAMILY = "1,2";
			};
			name = Debug;
		};
		B73FF3082D81D1C100BF24BF /* Release */ = {
			isa = XCBuildConfiguration;
			buildSettings = {
				ASSETCATALOG_COMPILER_APPICON_NAME = AppIcon;
				ASSETCATALOG_COMPILER_GLOBAL_ACCENT_COLOR_NAME = AccentColor;
				CODE_SIGN_STYLE = Automatic;
				CURRENT_PROJECT_VERSION = 1;
				DEVELOPMENT_ASSET_PATHS = "\"ahoui-ios/Preview Content\"";
				ENABLE_PREVIEWS = YES;
				GENERATE_INFOPLIST_FILE = YES;
				INFOPLIST_FILE = "ahoui-ios/Info.plist";
				INFOPLIST_KEY_UIApplicationSceneManifest_Generation = YES;
				INFOPLIST_KEY_UIApplicationSupportsIndirectInputEvents = YES;
				INFOPLIST_KEY_UILaunchScreen_Generation = YES;
				INFOPLIST_KEY_UISupportedInterfaceOrientations_iPad = "UIInterfaceOrientationPortrait UIInterfaceOrientationPortraitUpsideDown UIInterfaceOrientationLandscapeLeft UIInterfaceOrientationLandscapeRight";
				INFOPLIST_KEY_UISupportedInterfaceOrientations_iPhone = "UIInterfaceOrientationPortrait UIInterfaceOrientationLandscapeLeft UIInterfaceOrientationLandscapeRight";
				LD_RUNPATH_SEARCH_PATHS = (
					"$(inherited)",
					"@executable_path/Frameworks",
				);
				MARKETING_VERSION = 1.0;
				PRODUCT_BUNDLE_IDENTIFIER = "com.ahoui.ahoui-ios";
				PRODUCT_NAME = "$(TARGET_NAME)";
				SWIFT_EMIT_LOC_STRINGS = YES;
				SWIFT_VERSION = 5.0;
				TARGETED_DEVICE_FAMILY = "1,2";
			};
			name = Release;
		};
/* End XCBuildConfiguration section */

/* Begin XCConfigurationList section */
		B73FF2F32D81D1C000BF24BF /* Build configuration list for PBXProject "ahoui-ios" */ = {
			isa = XCConfigurationList;
			buildConfigurations = (
				B73FF3042D81D1C100BF24BF /* Debug */,
				B73FF3052D81D1C100BF24BF /* Release */,
			);
			defaultConfigurationIsVisible = 0;
			defaultConfigurationName = Release;
		};
		B73FF3062D81D1C100BF24BF /* Build configuration list for PBXNativeTarget "ahoui-ios" */ = {
			isa = XCConfigurationList;
			buildConfigurations = (
				B73FF3072D81D1C100BF24BF /* Debug */,
				B73FF3082D81D1C100BF24BF /* Release */,
			);
			defaultConfigurationIsVisible = 0;
			defaultConfigurationName = Release;
		};
/* End XCConfigurationList section */
	};
	rootObject = B73FF2F02D81D1C000BF24BF /* Project object */;
}
